
Microsoft Visual Studio Solution File, Format Version 12.00
# Visual Studio Version 17
VisualStudioVersion = 17.0.31512.422
MinimumVisualStudioVersion = 10.0.40219.1
Project("{2150E333-8FDC-42A3-9474-1A3956D46DE8}") = "FrontEnd", "FrontEnd", "{34B357E2-8AD9-411D-90B6-C1321A56696A}"
EndProject
Project("{9A19103F-16F7-4668-BE54-9A1E7A4F7556}") = "Mango.Web", "Mango.Web\Mango.Web.csproj", "{CED6C742-ACA6-4457-94D0-DFB7548E0D12}"
EndProject
Project("{2150E333-8FDC-42A3-9474-1A3956D46DE8}") = "Services", "Services", "{9E6132FF-5FDC-4145-A0FD-F61816FD91CF}"
EndProject
Project("{9A19103F-16F7-4668-BE54-9A1E7A4F7556}") = "Mango.Services.ProductAPI", "Mango.Services.ProductAPI\Mango.Services.ProductAPI.csproj", "{5C0CF516-D104-42FA-9C22-E2DCBC852DD9}"
EndProject
Project("{2150E333-8FDC-42A3-9474-1A3956D46DE8}") = "Solution Items", "Solution Items", "{DB2525E2-3DF9-450F-877E-75192E257C95}"
	ProjectSection(SolutionItems) = preProject
		README.MD = README.MD
	EndProjectSection
EndProject
Project("{9A19103F-16F7-4668-BE54-9A1E7A4F7556}") = "Mango.Services.Identity", "Mango.Services.Identity\Mango.Services.Identity.csproj", "{719772D3-BED0-49C5-936E-799F5D479A91}"
EndProject
Project("{FAE04EC0-301F-11D3-BF4B-00C04F79EFBC}") = "Mango.Services.ShoppingCartAPI", "Mango.Services.ShoppingCartAPI\Mango.Services.ShoppingCartAPI.csproj", "{386BEE06-AD49-4367-BBE3-8E5D15BE5B1B}"
EndProject
Global
	GlobalSection(SolutionConfigurationPlatforms) = preSolution
		Debug|Any CPU = Debug|Any CPU
		Release|Any CPU = Release|Any CPU
	EndGlobalSection
	GlobalSection(ProjectConfigurationPlatforms) = postSolution
		{CED6C742-ACA6-4457-94D0-DFB7548E0D12}.Debug|Any CPU.ActiveCfg = Debug|Any CPU
		{CED6C742-ACA6-4457-94D0-DFB7548E0D12}.Debug|Any CPU.Build.0 = Debug|Any CPU
		{CED6C742-ACA6-4457-94D0-DFB7548E0D12}.Release|Any CPU.ActiveCfg = Release|Any CPU
		{CED6C742-ACA6-4457-94D0-DFB7548E0D12}.Release|Any CPU.Build.0 = Release|Any CPU
		{5C0CF516-D104-42FA-9C22-E2DCBC852DD9}.Debug|Any CPU.ActiveCfg = Debug|Any CPU
		{5C0CF516-D104-42FA-9C22-E2DCBC852DD9}.Debug|Any CPU.Build.0 = Debug|Any CPU
		{5C0CF516-D104-42FA-9C22-E2DCBC852DD9}.Release|Any CPU.ActiveCfg = Release|Any CPU
		{5C0CF516-D104-42FA-9C22-E2DCBC852DD9}.Release|Any CPU.Build.0 = Release|Any CPU
		{719772D3-BED0-49C5-936E-799F5D479A91}.Debug|Any CPU.ActiveCfg = Debug|Any CPU
		{719772D3-BED0-49C5-936E-799F5D479A91}.Debug|Any CPU.Build.0 = Debug|Any CPU
		{719772D3-BED0-49C5-936E-799F5D479A91}.Release|Any CPU.ActiveCfg = Release|Any CPU
		{719772D3-BED0-49C5-936E-799F5D479A91}.Release|Any CPU.Build.0 = Release|Any CPU
		{386BEE06-AD49-4367-BBE3-8E5D15BE5B1B}.Debug|Any CPU.ActiveCfg = Debug|Any CPU
		{386BEE06-AD49-4367-BBE3-8E5D15BE5B1B}.Debug|Any CPU.Build.0 = Debug|Any CPU
		{386BEE06-AD49-4367-BBE3-8E5D15BE5B1B}.Release|Any CPU.ActiveCfg = Release|Any CPU
		{386BEE06-AD49-4367-BBE3-8E5D15BE5B1B}.Release|Any CPU.Build.0 = Release|Any CPU
	EndGlobalSection
	GlobalSection(SolutionProperties) = preSolution
		HideSolutionNode = FALSE
	EndGlobalSection
	GlobalSection(NestedProjects) = preSolution
		{CED6C742-ACA6-4457-94D0-DFB7548E0D12} = {34B357E2-8AD9-411D-90B6-C1321A56696A}
		{5C0CF516-D104-42FA-9C22-E2DCBC852DD9} = {9E6132FF-5FDC-4145-A0FD-F61816FD91CF}
		{719772D3-BED0-49C5-936E-799F5D479A91} = {9E6132FF-5FDC-4145-A0FD-F61816FD91CF}
		{386BEE06-AD49-4367-BBE3-8E5D15BE5B1B} = {9E6132FF-5FDC-4145-A0FD-F61816FD91CF}
	EndGlobalSection
	GlobalSection(ExtensibilityGlobals) = postSolution
		SolutionGuid = {BD4CE021-DA0C-4730-9198-FEAC9F1587AF}
	EndGlobalSection
EndGlobal
